
Microsoft Visual Studio Solution File, Format Version 12.00
# Visual Studio Version 17
VisualStudioVersion = 17.5.33424.131
MinimumVisualStudioVersion = 10.0.40219.1
Project("{FAE04EC0-301F-11D3-BF4B-00C04F79EFBC}") = "WebApp", "WebApp.csproj", "{2DD68B89-7FD8-4855-94D3-571F24D480EF}"
EndProject
Global
	GlobalSection(SolutionConfigurationPlatforms) = preSolution
		Debug|Any CPU = Debug|Any CPU
		Release|Any CPU = Release|Any CPU
	EndGlobalSection
	GlobalSection(ProjectConfigurationPlatforms) = postSolution
		{2DD68B89-7FD8-4855-94D3-571F24D480EF}.Debug|Any CPU.ActiveCfg = Debug|Any CPU
		{2DD68B89-7FD8-4855-94D3-571F24D480EF}.Debug|Any CPU.Build.0 = Debug|Any CPU
		{2DD68B89-7FD8-4855-94D3-571F24D480EF}.Release|Any CPU.ActiveCfg = Release|Any CPU
		{2DD68B89-7FD8-4855-94D3-571F24D480EF}.Release|Any CPU.Build.0 = Release|Any CPU
	EndGlobalSection
	GlobalSection(SolutionProperties) = preSolution
		HideSolutionNode = FALSE
	EndGlobalSection
	GlobalSection(ExtensibilityGlobals) = postSolution
		SolutionGuid = {2B3C65AE-F308-4A4B-99D0-6EE7D449A990}
	EndGlobalSection
EndGlobal
